
Microsoft Visual Studio Solution File, Format Version 12.00
# Visual Studio Version 16
VisualStudioVersion = 16.0.29319.158
MinimumVisualStudioVersion = 10.0.40219.1
Project("{9A19103F-16F7-4668-BE54-9A1E7A4F7556}") = "WebUI", "src\WebUI\WebUI.csproj", "{724D5EE1-C2C3-42E3-8BAE-D75E57BA3CD8}"
EndProject
Project("{9A19103F-16F7-4668-BE54-9A1E7A4F7556}") = "Domain", "src\Domain\Domain.csproj", "{C7E89A3E-A631-4760-8D61-BD1EAB1C4E69}"
EndProject
Project("{9A19103F-16F7-4668-BE54-9A1E7A4F7556}") = "Application", "src\Application\Application.csproj", "{34C0FACD-F3D9-400C-8945-554DD6B0819A}"
EndProject
Project("{9A19103F-16F7-4668-BE54-9A1E7A4F7556}") = "Infrastructure", "src\Infrastructure\Infrastructure.csproj", "{117DA02F-5274-4565-ACC6-DA9B6E568B09}"
EndProject
Project("{2150E333-8FDC-42A3-9474-1A3956D46DE8}") = "src", "src", "{6ED356A7-8B47-4613-AD01-C85CF28491BD}"
EndProject
Project("{2150E333-8FDC-42A3-9474-1A3956D46DE8}") = "tests", "tests", "{664D406C-2F83-48F0-BFC3-408D5CB53C65}"
EndProject
Project("{9A19103F-16F7-4668-BE54-9A1E7A4F7556}") = "Application.UnitTests", "tests\Application.UnitTests\Application.UnitTests.csproj", "{DEFF4009-1FAB-4392-80B6-707E2DC5C00B}"
EndProject
Project("{9A19103F-16F7-4668-BE54-9A1E7A4F7556}") = "Domain.UnitTests", "tests\Domain.UnitTests\Domain.UnitTests.csproj", "{DC37FD87-552C-4613-9F16-1537CA522898}"
EndProject
Project("{9A19103F-16F7-4668-BE54-9A1E7A4F7556}") = "Application.IntegrationTests", "tests\Applicaton.IntegrationTests\Application.IntegrationTests.csproj", "{4FF7E541-E4BA-4FF4-BE25-EC907D92BDA8}"
EndProject
Global
	GlobalSection(SolutionConfigurationPlatforms) = preSolution
		Ad-Hoc|Any CPU = Ad-Hoc|Any CPU
		Ad-Hoc|iPhone = Ad-Hoc|iPhone
		Ad-Hoc|iPhoneSimulator = Ad-Hoc|iPhoneSimulator
		AppStore|Any CPU = AppStore|Any CPU
		AppStore|iPhone = AppStore|iPhone
		AppStore|iPhoneSimulator = AppStore|iPhoneSimulator
		Debug|Any CPU = Debug|Any CPU
		Debug|iPhone = Debug|iPhone
		Debug|iPhoneSimulator = Debug|iPhoneSimulator
		Release|Any CPU = Release|Any CPU
		Release|iPhone = Release|iPhone
		Release|iPhoneSimulator = Release|iPhoneSimulator
	EndGlobalSection
	GlobalSection(ProjectConfigurationPlatforms) = postSolution
		{724D5EE1-C2C3-42E3-8BAE-D75E57BA3CD8}.Ad-Hoc|Any CPU.ActiveCfg = Release|Any CPU
		{724D5EE1-C2C3-42E3-8BAE-D75E57BA3CD8}.Ad-Hoc|Any CPU.Build.0 = Release|Any CPU
		{724D5EE1-C2C3-42E3-8BAE-D75E57BA3CD8}.Ad-Hoc|iPhone.ActiveCfg = Release|Any CPU
		{724D5EE1-C2C3-42E3-8BAE-D75E57BA3CD8}.Ad-Hoc|iPhone.Build.0 = Release|Any CPU
		{724D5EE1-C2C3-42E3-8BAE-D75E57BA3CD8}.Ad-Hoc|iPhoneSimulator.ActiveCfg = Release|Any CPU
		{724D5EE1-C2C3-42E3-8BAE-D75E57BA3CD8}.Ad-Hoc|iPhoneSimulator.Build.0 = Release|Any CPU
		{724D5EE1-C2C3-42E3-8BAE-D75E57BA3CD8}.AppStore|Any CPU.ActiveCfg = Release|Any CPU
		{724D5EE1-C2C3-42E3-8BAE-D75E57BA3CD8}.AppStore|Any CPU.Build.0 = Release|Any CPU
		{724D5EE1-C2C3-42E3-8BAE-D75E57BA3CD8}.AppStore|iPhone.ActiveCfg = Release|Any CPU
		{724D5EE1-C2C3-42E3-8BAE-D75E57BA3CD8}.AppStore|iPhone.Build.0 = Release|Any CPU
		{724D5EE1-C2C3-42E3-8BAE-D75E57BA3CD8}.AppStore|iPhoneSimulator.ActiveCfg = Release|Any CPU
		{724D5EE1-C2C3-42E3-8BAE-D75E57BA3CD8}.AppStore|iPhoneSimulator.Build.0 = Release|Any CPU
		{724D5EE1-C2C3-42E3-8BAE-D75E57BA3CD8}.Debug|Any CPU.ActiveCfg = Debug|Any CPU
		{724D5EE1-C2C3-42E3-8BAE-D75E57BA3CD8}.Debug|Any CPU.Build.0 = Debug|Any CPU
		{724D5EE1-C2C3-42E3-8BAE-D75E57BA3CD8}.Debug|iPhone.ActiveCfg = Debug|Any CPU
		{724D5EE1-C2C3-42E3-8BAE-D75E57BA3CD8}.Debug|iPhone.Build.0 = Debug|Any CPU
		{724D5EE1-C2C3-42E3-8BAE-D75E57BA3CD8}.Debug|iPhoneSimulator.ActiveCfg = Debug|Any CPU
		{724D5EE1-C2C3-42E3-8BAE-D75E57BA3CD8}.Debug|iPhoneSimulator.Build.0 = Debug|Any CPU
		{724D5EE1-C2C3-42E3-8BAE-D75E57BA3CD8}.Release|Any CPU.ActiveCfg = Release|Any CPU
		{724D5EE1-C2C3-42E3-8BAE-D75E57BA3CD8}.Release|Any CPU.Build.0 = Release|Any CPU
		{724D5EE1-C2C3-42E3-8BAE-D75E57BA3CD8}.Release|iPhone.ActiveCfg = Release|Any CPU
		{724D5EE1-C2C3-42E3-8BAE-D75E57BA3CD8}.Release|iPhone.Build.0 = Release|Any CPU
		{724D5EE1-C2C3-42E3-8BAE-D75E57BA3CD8}.Release|iPhoneSimulator.ActiveCfg = Release|Any CPU
		{724D5EE1-C2C3-42E3-8BAE-D75E57BA3CD8}.Release|iPhoneSimulator.Build.0 = Release|Any CPU
		{C7E89A3E-A631-4760-8D61-BD1EAB1C4E69}.Ad-Hoc|Any CPU.ActiveCfg = Release|Any CPU
		{C7E89A3E-A631-4760-8D61-BD1EAB1C4E69}.Ad-Hoc|Any CPU.Build.0 = Release|Any CPU
		{C7E89A3E-A631-4760-8D61-BD1EAB1C4E69}.Ad-Hoc|iPhone.ActiveCfg = Release|Any CPU
		{C7E89A3E-A631-4760-8D61-BD1EAB1C4E69}.Ad-Hoc|iPhone.Build.0 = Release|Any CPU
		{C7E89A3E-A631-4760-8D61-BD1EAB1C4E69}.Ad-Hoc|iPhoneSimulator.ActiveCfg = Release|Any CPU
		{C7E89A3E-A631-4760-8D61-BD1EAB1C4E69}.Ad-Hoc|iPhoneSimulator.Build.0 = Release|Any CPU
		{C7E89A3E-A631-4760-8D61-BD1EAB1C4E69}.AppStore|Any CPU.ActiveCfg = Release|Any CPU
		{C7E89A3E-A631-4760-8D61-BD1EAB1C4E69}.AppStore|Any CPU.Build.0 = Release|Any CPU
		{C7E89A3E-A631-4760-8D61-BD1EAB1C4E69}.AppStore|iPhone.ActiveCfg = Release|Any CPU
		{C7E89A3E-A631-4760-8D61-BD1EAB1C4E69}.AppStore|iPhone.Build.0 = Release|Any CPU
		{C7E89A3E-A631-4760-8D61-BD1EAB1C4E69}.AppStore|iPhoneSimulator.ActiveCfg = Release|Any CPU
		{C7E89A3E-A631-4760-8D61-BD1EAB1C4E69}.AppStore|iPhoneSimulator.Build.0 = Release|Any CPU
		{C7E89A3E-A631-4760-8D61-BD1EAB1C4E69}.Debug|Any CPU.ActiveCfg = Debug|Any CPU
		{C7E89A3E-A631-4760-8D61-BD1EAB1C4E69}.Debug|Any CPU.Build.0 = Debug|Any CPU
		{C7E89A3E-A631-4760-8D61-BD1EAB1C4E69}.Debug|iPhone.ActiveCfg = Debug|Any CPU
		{C7E89A3E-A631-4760-8D61-BD1EAB1C4E69}.Debug|iPhone.Build.0 = Debug|Any CPU
		{C7E89A3E-A631-4760-8D61-BD1EAB1C4E69}.Debug|iPhoneSimulator.ActiveCfg = Debug|Any CPU
		{C7E89A3E-A631-4760-8D61-BD1EAB1C4E69}.Debug|iPhoneSimulator.Build.0 = Debug|Any CPU
		{C7E89A3E-A631-4760-8D61-BD1EAB1C4E69}.Release|Any CPU.ActiveCfg = Release|Any CPU
		{C7E89A3E-A631-4760-8D61-BD1EAB1C4E69}.Release|Any CPU.Build.0 = Release|Any CPU
		{C7E89A3E-A631-4760-8D61-BD1EAB1C4E69}.Release|iPhone.ActiveCfg = Release|Any CPU
		{C7E89A3E-A631-4760-8D61-BD1EAB1C4E69}.Release|iPhone.Build.0 = Release|Any CPU
		{C7E89A3E-A631-4760-8D61-BD1EAB1C4E69}.Release|iPhoneSimulator.ActiveCfg = Release|Any CPU
		{C7E89A3E-A631-4760-8D61-BD1EAB1C4E69}.Release|iPhoneSimulator.Build.0 = Release|Any CPU
		{34C0FACD-F3D9-400C-8945-554DD6B0819A}.Ad-Hoc|Any CPU.ActiveCfg = Release|Any CPU
		{34C0FACD-F3D9-400C-8945-554DD6B0819A}.Ad-Hoc|Any CPU.Build.0 = Release|Any CPU
		{34C0FACD-F3D9-400C-8945-554DD6B0819A}.Ad-Hoc|iPhone.ActiveCfg = Release|Any CPU
		{34C0FACD-F3D9-400C-8945-554DD6B0819A}.Ad-Hoc|iPhone.Build.0 = Release|Any CPU
		{34C0FACD-F3D9-400C-8945-554DD6B0819A}.Ad-Hoc|iPhoneSimulator.ActiveCfg = Release|Any CPU
		{34C0FACD-F3D9-400C-8945-554DD6B0819A}.Ad-Hoc|iPhoneSimulator.Build.0 = Release|Any CPU
		{34C0FACD-F3D9-400C-8945-554DD6B0819A}.AppStore|Any CPU.ActiveCfg = Release|Any CPU
		{34C0FACD-F3D9-400C-8945-554DD6B0819A}.AppStore|Any CPU.Build.0 = Release|Any CPU
		{34C0FACD-F3D9-400C-8945-554DD6B0819A}.AppStore|iPhone.ActiveCfg = Release|Any CPU
		{34C0FACD-F3D9-400C-8945-554DD6B0819A}.AppStore|iPhone.Build.0 = Release|Any CPU
		{34C0FACD-F3D9-400C-8945-554DD6B0819A}.AppStore|iPhoneSimulator.ActiveCfg = Release|Any CPU
		{34C0FACD-F3D9-400C-8945-554DD6B0819A}.AppStore|iPhoneSimulator.Build.0 = Release|Any CPU
		{34C0FACD-F3D9-400C-8945-554DD6B0819A}.Debug|Any CPU.ActiveCfg = Debug|Any CPU
		{34C0FACD-F3D9-400C-8945-554DD6B0819A}.Debug|Any CPU.Build.0 = Debug|Any CPU
		{34C0FACD-F3D9-400C-8945-554DD6B0819A}.Debug|iPhone.ActiveCfg = Debug|Any CPU
		{34C0FACD-F3D9-400C-8945-554DD6B0819A}.Debug|iPhone.Build.0 = Debug|Any CPU
		{34C0FACD-F3D9-400C-8945-554DD6B0819A}.Debug|iPhoneSimulator.ActiveCfg = Debug|Any CPU
		{34C0FACD-F3D9-400C-8945-554DD6B0819A}.Debug|iPhoneSimulator.Build.0 = Debug|Any CPU
		{34C0FACD-F3D9-400C-8945-554DD6B0819A}.Release|Any CPU.ActiveCfg = Release|Any CPU
		{34C0FACD-F3D9-400C-8945-554DD6B0819A}.Release|Any CPU.Build.0 = Release|Any CPU
		{34C0FACD-F3D9-400C-8945-554DD6B0819A}.Release|iPhone.ActiveCfg = Release|Any CPU
		{34C0FACD-F3D9-400C-8945-554DD6B0819A}.Release|iPhone.Build.0 = Release|Any CPU
		{34C0FACD-F3D9-400C-8945-554DD6B0819A}.Release|iPhoneSimulator.ActiveCfg = Release|Any CPU
		{34C0FACD-F3D9-400C-8945-554DD6B0819A}.Release|iPhoneSimulator.Build.0 = Release|Any CPU
		{117DA02F-5274-4565-ACC6-DA9B6E568B09}.Ad-Hoc|Any CPU.ActiveCfg = Release|Any CPU
		{117DA02F-5274-4565-ACC6-DA9B6E568B09}.Ad-Hoc|Any CPU.Build.0 = Release|Any CPU
		{117DA02F-5274-4565-ACC6-DA9B6E568B09}.Ad-Hoc|iPhone.ActiveCfg = Release|Any CPU
		{117DA02F-5274-4565-ACC6-DA9B6E568B09}.Ad-Hoc|iPhone.Build.0 = Release|Any CPU
		{117DA02F-5274-4565-ACC6-DA9B6E568B09}.Ad-Hoc|iPhoneSimulator.ActiveCfg = Release|Any CPU
		{117DA02F-5274-4565-ACC6-DA9B6E568B09}.Ad-Hoc|iPhoneSimulator.Build.0 = Release|Any CPU
		{117DA02F-5274-4565-ACC6-DA9B6E568B09}.AppStore|Any CPU.ActiveCfg = Release|Any CPU
		{117DA02F-5274-4565-ACC6-DA9B6E568B09}.AppStore|Any CPU.Build.0 = Release|Any CPU
		{117DA02F-5274-4565-ACC6-DA9B6E568B09}.AppStore|iPhone.ActiveCfg = Release|Any CPU
		{117DA02F-5274-4565-ACC6-DA9B6E568B09}.AppStore|iPhone.Build.0 = Release|Any CPU
		{117DA02F-5274-4565-ACC6-DA9B6E568B09}.AppStore|iPhoneSimulator.ActiveCfg = Release|Any CPU
		{117DA02F-5274-4565-ACC6-DA9B6E568B09}.AppStore|iPhoneSimulator.Build.0 = Release|Any CPU
		{117DA02F-5274-4565-ACC6-DA9B6E568B09}.Debug|Any CPU.ActiveCfg = Debug|Any CPU
		{117DA02F-5274-4565-ACC6-DA9B6E568B09}.Debug|Any CPU.Build.0 = Debug|Any CPU
		{117DA02F-5274-4565-ACC6-DA9B6E568B09}.Debug|iPhone.ActiveCfg = Debug|Any CPU
		{117DA02F-5274-4565-ACC6-DA9B6E568B09}.Debug|iPhone.Build.0 = Debug|Any CPU
		{117DA02F-5274-4565-ACC6-DA9B6E568B09}.Debug|iPhoneSimulator.ActiveCfg = Debug|Any CPU
		{117DA02F-5274-4565-ACC6-DA9B6E568B09}.Debug|iPhoneSimulator.Build.0 = Debug|Any CPU
		{117DA02F-5274-4565-ACC6-DA9B6E568B09}.Release|Any CPU.ActiveCfg = Release|Any CPU
		{117DA02F-5274-4565-ACC6-DA9B6E568B09}.Release|Any CPU.Build.0 = Release|Any CPU
		{117DA02F-5274-4565-ACC6-DA9B6E568B09}.Release|iPhone.ActiveCfg = Release|Any CPU
		{117DA02F-5274-4565-ACC6-DA9B6E568B09}.Release|iPhone.Build.0 = Release|Any CPU
		{117DA02F-5274-4565-ACC6-DA9B6E568B09}.Release|iPhoneSimulator.ActiveCfg = Release|Any CPU
		{117DA02F-5274-4565-ACC6-DA9B6E568B09}.Release|iPhoneSimulator.Build.0 = Release|Any CPU
		{DEFF4009-1FAB-4392-80B6-707E2DC5C00B}.Ad-Hoc|Any CPU.ActiveCfg = Release|Any CPU
		{DEFF4009-1FAB-4392-80B6-707E2DC5C00B}.Ad-Hoc|Any CPU.Build.0 = Release|Any CPU
		{DEFF4009-1FAB-4392-80B6-707E2DC5C00B}.Ad-Hoc|iPhone.ActiveCfg = Release|Any CPU
		{DEFF4009-1FAB-4392-80B6-707E2DC5C00B}.Ad-Hoc|iPhone.Build.0 = Release|Any CPU
		{DEFF4009-1FAB-4392-80B6-707E2DC5C00B}.Ad-Hoc|iPhoneSimulator.ActiveCfg = Release|Any CPU
		{DEFF4009-1FAB-4392-80B6-707E2DC5C00B}.Ad-Hoc|iPhoneSimulator.Build.0 = Release|Any CPU
		{DEFF4009-1FAB-4392-80B6-707E2DC5C00B}.AppStore|Any CPU.ActiveCfg = Release|Any CPU
		{DEFF4009-1FAB-4392-80B6-707E2DC5C00B}.AppStore|Any CPU.Build.0 = Release|Any CPU
		{DEFF4009-1FAB-4392-80B6-707E2DC5C00B}.AppStore|iPhone.ActiveCfg = Release|Any CPU
		{DEFF4009-1FAB-4392-80B6-707E2DC5C00B}.AppStore|iPhone.Build.0 = Release|Any CPU
		{DEFF4009-1FAB-4392-80B6-707E2DC5C00B}.AppStore|iPhoneSimulator.ActiveCfg = Release|Any CPU
		{DEFF4009-1FAB-4392-80B6-707E2DC5C00B}.AppStore|iPhoneSimulator.Build.0 = Release|Any CPU
		{DEFF4009-1FAB-4392-80B6-707E2DC5C00B}.Debug|Any CPU.ActiveCfg = Debug|Any CPU
		{DEFF4009-1FAB-4392-80B6-707E2DC5C00B}.Debug|Any CPU.Build.0 = Debug|Any CPU
		{DEFF4009-1FAB-4392-80B6-707E2DC5C00B}.Debug|iPhone.ActiveCfg = Debug|Any CPU
		{DEFF4009-1FAB-4392-80B6-707E2DC5C00B}.Debug|iPhone.Build.0 = Debug|Any CPU
		{DEFF4009-1FAB-4392-80B6-707E2DC5C00B}.Debug|iPhoneSimulator.ActiveCfg = Debug|Any CPU
		{DEFF4009-1FAB-4392-80B6-707E2DC5C00B}.Debug|iPhoneSimulator.Build.0 = Debug|Any CPU
		{DEFF4009-1FAB-4392-80B6-707E2DC5C00B}.Release|Any CPU.ActiveCfg = Release|Any CPU
		{DEFF4009-1FAB-4392-80B6-707E2DC5C00B}.Release|Any CPU.Build.0 = Release|Any CPU
		{DEFF4009-1FAB-4392-80B6-707E2DC5C00B}.Release|iPhone.ActiveCfg = Release|Any CPU
		{DEFF4009-1FAB-4392-80B6-707E2DC5C00B}.Release|iPhone.Build.0 = Release|Any CPU
		{DEFF4009-1FAB-4392-80B6-707E2DC5C00B}.Release|iPhoneSimulator.ActiveCfg = Release|Any CPU
		{DEFF4009-1FAB-4392-80B6-707E2DC5C00B}.Release|iPhoneSimulator.Build.0 = Release|Any CPU
		{DC37FD87-552C-4613-9F16-1537CA522898}.Ad-Hoc|Any CPU.ActiveCfg = Release|Any CPU
		{DC37FD87-552C-4613-9F16-1537CA522898}.Ad-Hoc|Any CPU.Build.0 = Release|Any CPU
		{DC37FD87-552C-4613-9F16-1537CA522898}.Ad-Hoc|iPhone.ActiveCfg = Release|Any CPU
		{DC37FD87-552C-4613-9F16-1537CA522898}.Ad-Hoc|iPhone.Build.0 = Release|Any CPU
		{DC37FD87-552C-4613-9F16-1537CA522898}.Ad-Hoc|iPhoneSimulator.ActiveCfg = Release|Any CPU
		{DC37FD87-552C-4613-9F16-1537CA522898}.Ad-Hoc|iPhoneSimulator.Build.0 = Release|Any CPU
		{DC37FD87-552C-4613-9F16-1537CA522898}.AppStore|Any CPU.ActiveCfg = Release|Any CPU
		{DC37FD87-552C-4613-9F16-1537CA522898}.AppStore|Any CPU.Build.0 = Release|Any CPU
		{DC37FD87-552C-4613-9F16-1537CA522898}.AppStore|iPhone.ActiveCfg = Release|Any CPU
		{DC37FD87-552C-4613-9F16-1537CA522898}.AppStore|iPhone.Build.0 = Release|Any CPU
		{DC37FD87-552C-4613-9F16-1537CA522898}.AppStore|iPhoneSimulator.ActiveCfg = Release|Any CPU
		{DC37FD87-552C-4613-9F16-1537CA522898}.AppStore|iPhoneSimulator.Build.0 = Release|Any CPU
		{DC37FD87-552C-4613-9F16-1537CA522898}.Debug|Any CPU.ActiveCfg = Debug|Any CPU
		{DC37FD87-552C-4613-9F16-1537CA522898}.Debug|Any CPU.Build.0 = Debug|Any CPU
		{DC37FD87-552C-4613-9F16-1537CA522898}.Debug|iPhone.ActiveCfg = Debug|Any CPU
		{DC37FD87-552C-4613-9F16-1537CA522898}.Debug|iPhone.Build.0 = Debug|Any CPU
		{DC37FD87-552C-4613-9F16-1537CA522898}.Debug|iPhoneSimulator.ActiveCfg = Debug|Any CPU
		{DC37FD87-552C-4613-9F16-1537CA522898}.Debug|iPhoneSimulator.Build.0 = Debug|Any CPU
		{DC37FD87-552C-4613-9F16-1537CA522898}.Release|Any CPU.ActiveCfg = Release|Any CPU
		{DC37FD87-552C-4613-9F16-1537CA522898}.Release|Any CPU.Build.0 = Release|Any CPU
		{DC37FD87-552C-4613-9F16-1537CA522898}.Release|iPhone.ActiveCfg = Release|Any CPU
		{DC37FD87-552C-4613-9F16-1537CA522898}.Release|iPhone.Build.0 = Release|Any CPU
		{DC37FD87-552C-4613-9F16-1537CA522898}.Release|iPhoneSimulator.ActiveCfg = Release|Any CPU
		{DC37FD87-552C-4613-9F16-1537CA522898}.Release|iPhoneSimulator.Build.0 = Release|Any CPU
		{4FF7E541-E4BA-4FF4-BE25-EC907D92BDA8}.Ad-Hoc|Any CPU.ActiveCfg = Release|Any CPU
		{4FF7E541-E4BA-4FF4-BE25-EC907D92BDA8}.Ad-Hoc|Any CPU.Build.0 = Release|Any CPU
		{4FF7E541-E4BA-4FF4-BE25-EC907D92BDA8}.Ad-Hoc|iPhone.ActiveCfg = Release|Any CPU
		{4FF7E541-E4BA-4FF4-BE25-EC907D92BDA8}.Ad-Hoc|iPhone.Build.0 = Release|Any CPU
		{4FF7E541-E4BA-4FF4-BE25-EC907D92BDA8}.Ad-Hoc|iPhoneSimulator.ActiveCfg = Release|Any CPU
		{4FF7E541-E4BA-4FF4-BE25-EC907D92BDA8}.Ad-Hoc|iPhoneSimulator.Build.0 = Release|Any CPU
		{4FF7E541-E4BA-4FF4-BE25-EC907D92BDA8}.AppStore|Any CPU.ActiveCfg = Release|Any CPU
		{4FF7E541-E4BA-4FF4-BE25-EC907D92BDA8}.AppStore|Any CPU.Build.0 = Release|Any CPU
		{4FF7E541-E4BA-4FF4-BE25-EC907D92BDA8}.AppStore|iPhone.ActiveCfg = Release|Any CPU
		{4FF7E541-E4BA-4FF4-BE25-EC907D92BDA8}.AppStore|iPhone.Build.0 = Release|Any CPU
		{4FF7E541-E4BA-4FF4-BE25-EC907D92BDA8}.AppStore|iPhoneSimulator.ActiveCfg = Release|Any CPU
		{4FF7E541-E4BA-4FF4-BE25-EC907D92BDA8}.AppStore|iPhoneSimulator.Build.0 = Release|Any CPU
		{4FF7E541-E4BA-4FF4-BE25-EC907D92BDA8}.Debug|Any CPU.ActiveCfg = Debug|Any CPU
		{4FF7E541-E4BA-4FF4-BE25-EC907D92BDA8}.Debug|Any CPU.Build.0 = Debug|Any CPU
		{4FF7E541-E4BA-4FF4-BE25-EC907D92BDA8}.Debug|iPhone.ActiveCfg = Debug|Any CPU
		{4FF7E541-E4BA-4FF4-BE25-EC907D92BDA8}.Debug|iPhone.Build.0 = Debug|Any CPU
		{4FF7E541-E4BA-4FF4-BE25-EC907D92BDA8}.Debug|iPhoneSimulator.ActiveCfg = Debug|Any CPU
		{4FF7E541-E4BA-4FF4-BE25-EC907D92BDA8}.Debug|iPhoneSimulator.Build.0 = Debug|Any CPU
		{4FF7E541-E4BA-4FF4-BE25-EC907D92BDA8}.Release|Any CPU.ActiveCfg = Release|Any CPU
		{4FF7E541-E4BA-4FF4-BE25-EC907D92BDA8}.Release|Any CPU.Build.0 = Release|Any CPU
		{4FF7E541-E4BA-4FF4-BE25-EC907D92BDA8}.Release|iPhone.ActiveCfg = Release|Any CPU
		{4FF7E541-E4BA-4FF4-BE25-EC907D92BDA8}.Release|iPhone.Build.0 = Release|Any CPU
		{4FF7E541-E4BA-4FF4-BE25-EC907D92BDA8}.Release|iPhoneSimulator.ActiveCfg = Release|Any CPU
		{4FF7E541-E4BA-4FF4-BE25-EC907D92BDA8}.Release|iPhoneSimulator.Build.0 = Release|Any CPU
	EndGlobalSection
	GlobalSection(SolutionProperties) = preSolution
		HideSolutionNode = FALSE
	EndGlobalSection
	GlobalSection(NestedProjects) = preSolution
		{724D5EE1-C2C3-42E3-8BAE-D75E57BA3CD8} = {6ED356A7-8B47-4613-AD01-C85CF28491BD}
		{C7E89A3E-A631-4760-8D61-BD1EAB1C4E69} = {6ED356A7-8B47-4613-AD01-C85CF28491BD}
		{34C0FACD-F3D9-400C-8945-554DD6B0819A} = {6ED356A7-8B47-4613-AD01-C85CF28491BD}
		{117DA02F-5274-4565-ACC6-DA9B6E568B09} = {6ED356A7-8B47-4613-AD01-C85CF28491BD}
		{DEFF4009-1FAB-4392-80B6-707E2DC5C00B} = {664D406C-2F83-48F0-BFC3-408D5CB53C65}
		{DC37FD87-552C-4613-9F16-1537CA522898} = {664D406C-2F83-48F0-BFC3-408D5CB53C65}
		{4FF7E541-E4BA-4FF4-BE25-EC907D92BDA8} = {664D406C-2F83-48F0-BFC3-408D5CB53C65}
	EndGlobalSection
	GlobalSection(ExtensibilityGlobals) = postSolution
		SolutionGuid = {3CB609D9-5D54-4C11-A371-DAAC8B74E430}
	EndGlobalSection
EndGlobal
